
Microsoft Visual Studio Solution File, Format Version 12.00
# Visual Studio Version 17
VisualStudioVersion = 17.4.33205.214
MinimumVisualStudioVersion = 10.0.40219.1
Project("{9A19103F-16F7-4668-BE54-9A1E7A4F7556}") = "Bookzilla.Admin", "Bookzilla.Admin\Bookzilla.Admin.csproj", "{6F51D5E4-BC51-4D42-B042-B5DD9899F7F7}"
EndProject
Project("{9A19103F-16F7-4668-BE54-9A1E7A4F7556}") = "Bookzilla.Admin.Core", "Bookzilla.Admin.Core\Bookzilla.Admin.Core.csproj", "{F068A74B-84D8-41D1-8A07-6969819A9FDC}"
EndProject
Global
	GlobalSection(SolutionConfigurationPlatforms) = preSolution
		Debug|Any CPU = Debug|Any CPU
		Release|Any CPU = Release|Any CPU
	EndGlobalSection
	GlobalSection(ProjectConfigurationPlatforms) = postSolution
		{6F51D5E4-BC51-4D42-B042-B5DD9899F7F7}.Debug|Any CPU.ActiveCfg = Debug|Any CPU
		{6F51D5E4-BC51-4D42-B042-B5DD9899F7F7}.Debug|Any CPU.Build.0 = Debug|Any CPU
		{6F51D5E4-BC51-4D42-B042-B5DD9899F7F7}.Release|Any CPU.ActiveCfg = Release|Any CPU
		{6F51D5E4-BC51-4D42-B042-B5DD9899F7F7}.Release|Any CPU.Build.0 = Release|Any CPU
		{F068A74B-84D8-41D1-8A07-6969819A9FDC}.Debug|Any CPU.ActiveCfg = Debug|Any CPU
		{F068A74B-84D8-41D1-8A07-6969819A9FDC}.Debug|Any CPU.Build.0 = Debug|Any CPU
		{F068A74B-84D8-41D1-8A07-6969819A9FDC}.Release|Any CPU.ActiveCfg = Release|Any CPU
		{F068A74B-84D8-41D1-8A07-6969819A9FDC}.Release|Any CPU.Build.0 = Release|Any CPU
	EndGlobalSection
	GlobalSection(SolutionProperties) = preSolution
		HideSolutionNode = FALSE
	EndGlobalSection
	GlobalSection(ExtensibilityGlobals) = postSolution
		SolutionGuid = {A1C055C8-1118-4C28-BF3C-CC6FEB25D57F}
	EndGlobalSection
EndGlobal
